<?xml version="1.0" encoding="UTF-8" standalone="yes" ?>
<CodeBlocks_project_file>
	<FileVersion major="1" minor="6" />
	<Project>
		<Option title="tp-datos-gmms" />
		<Option pch_mode="2" />
		<Option compiler="gcc" />
		<Build>
			<Target title="Debug">
				<Option output="bin/Debug/tp-datos-gmms" prefix_auto="1" extension_auto="1" />
				<Option object_output="obj/Debug/" />
				<Option type="1" />
				<Option compiler="gcc" />
				<Option projectCompilerOptionsRelation="0" />
				<Option projectLinkerOptionsRelation="0" />
				<Compiler>
					<Add option="-std=c++11" />
					<Add option="-g" />
				</Compiler>
			</Target>
			<Target title="Release">
				<Option output="bin/Release/tp-datos-gmms" prefix_auto="1" extension_auto="1" />
				<Option object_output="obj/Release/" />
				<Option type="1" />
				<Option compiler="gcc" />
				<Compiler>
					<Add option="-O2" />
					<Add option="-std=c++11" />
				</Compiler>
				<Linker>
					<Add option="-s" />
				</Linker>
			</Target>
		</Build>
		<Compiler>
			<Add option="-Wall" />
			<Add option="-std=c++11" />
		</Compiler>
		<Unit filename="includes/Clasificador.cpp" />
		<Unit filename="includes/Clasificador.hpp" />
		<Unit filename="includes/ContextoArchivos.cpp" />
		<Unit filename="includes/ContextoArchivos.hpp" />
		<Unit filename="includes/Crimen.cpp" />
		<Unit filename="includes/Crimen.hpp" />
		<Unit filename="includes/DataFrame.cpp" />
		<Unit filename="includes/DataFrame.hpp" />
		<Unit filename="includes/Menu.cpp" />
		<Unit filename="includes/Menu.hpp" />
		<Unit filename="main.cpp" />
		<Unit filename="vendor/csv.h" />
		<Extensions>
			<code_completion />
			<envvars />
			<debugger />
			<lib_finder disable_auto="1" />
		</Extensions>
	</Project>
</CodeBlocks_project_file>
